
Microsoft Visual Studio Solution File, Format Version 12.00
Project("{FAE04EC0-301F-11D3-BF4B-00C04F79EFBC}") = "LineNumberizer", "LineNumberizer\LineNumberizer.csproj", "{319EB60F-C720-4920-8A79-2AC3D6494614}"
EndProject
Global
	GlobalSection(SolutionConfigurationPlatforms) = preSolution
		Debug|Any CPU = Debug|Any CPU
		Release|Any CPU = Release|Any CPU
	EndGlobalSection
	GlobalSection(ProjectConfigurationPlatforms) = postSolution
		{319EB60F-C720-4920-8A79-2AC3D6494614}.Debug|Any CPU.ActiveCfg = Debug|Any CPU
		{319EB60F-C720-4920-8A79-2AC3D6494614}.Debug|Any CPU.Build.0 = Debug|Any CPU
		{319EB60F-C720-4920-8A79-2AC3D6494614}.Release|Any CPU.ActiveCfg = Release|Any CPU
		{319EB60F-C720-4920-8A79-2AC3D6494614}.Release|Any CPU.Build.0 = Release|Any CPU
	EndGlobalSection
EndGlobal
